
Microsoft Visual Studio Solution File, Format Version 12.00
# Visual Studio Version 16
VisualStudioVersion = 16.0.30413.136
MinimumVisualStudioVersion = 10.0.40219.1
Project("{FAE04EC0-301F-11D3-BF4B-00C04F79EFBC}") = "UiTweak", "UICustomizer\UiTweak.csproj", "{D65993FD-9295-44BA-820D-E634A3F0DEE4}"
EndProject
Project("{FAE04EC0-301F-11D3-BF4B-00C04F79EFBC}") = "EditorTweak", "ShortcutTweak\EditorTweak.csproj", "{2482C272-6DA2-4329-ADD1-0287F5298A90}"
EndProject
Project("{FAE04EC0-301F-11D3-BF4B-00C04F79EFBC}") = "QuickFileHandler", "QuickFileHandler\QuickFileHandler.csproj", "{BEE77B96-A229-4C04-8228-1FCD3806D312}"
EndProject
Project("{D954291E-2A0B-460D-934E-DC6B0785DB48}") = "SharedAPI", "PluginProcess\SharedAPI.shproj", "{BDFE184F-0199-4DEC-9484-73A485A32922}"
EndProject
Project("{FAE04EC0-301F-11D3-BF4B-00C04F79EFBC}") = "TempParticle", "TempParticle\TempParticle.csproj", "{195B17C5-BC83-4AF1-93AD-478A9CBE282E}"
EndProject
Project("{FAE04EC0-301F-11D3-BF4B-00C04F79EFBC}") = "TunerAnimator", "TunerAnimator\TunerAnimator.csproj", "{A6C02887-CE3D-4A0C-AF95-90028DD90B0C}"
EndProject
Project("{FAE04EC0-301F-11D3-BF4B-00C04F79EFBC}") = "VolumeMaster", "VolumeMaster\VolumeMaster.csproj", "{53258524-CBCF-4D15-9189-8C5D7B0D9265}"
EndProject
Project("{FAE04EC0-301F-11D3-BF4B-00C04F79EFBC}") = "TunerAlpha", "TunerAlpha\TunerAlpha.csproj", "{101CDFFF-B839-41BA-83EE-00570B6DE863}"
EndProject
Project("{FAE04EC0-301F-11D3-BF4B-00C04F79EFBC}") = "HitSound", "HitSound\HitSound.csproj", "{DD859ACE-0EB4-405B-8933-89A3703D03F0}"
EndProject
Project("{FAE04EC0-301F-11D3-BF4B-00C04F79EFBC}") = "LineColors", "LineColors\LineColors.csproj", "{7D50D354-1032-479A-892E-4DF2994A417A}"
EndProject
Project("{FAE04EC0-301F-11D3-BF4B-00C04F79EFBC}") = "BetterRequest", "BetterRequest\BetterRequest.csproj", "{1CDB89D6-70A4-4505-A1CB-3B6C133EBB8C}"
EndProject
Project("{FAE04EC0-301F-11D3-BF4B-00C04F79EFBC}") = "WpfApp1", "WpfApp1\WpfApp1.csproj", "{6C45F928-589E-4BA6-8FE8-E3945CC13420}"
EndProject
Project("{FAE04EC0-301F-11D3-BF4B-00C04F79EFBC}") = "BetterConfig", "BetterConfig\BetterConfig.csproj", "{927B8A23-EF58-49E3-AC4D-68F94D654AE5}"
EndProject
Project("{FAE04EC0-301F-11D3-BF4B-00C04F79EFBC}") = "BetterCatchRail", "BetterCatchRail\BetterCatchRail.csproj", "{586B6BA3-6234-4242-9B69-C9ABEB897103}"
EndProject
Project("{FAE04EC0-301F-11D3-BF4B-00C04F79EFBC}") = "AnglelineGuide", "AnglelineGuide\AnglelineGuide.csproj", "{3848C037-2037-4A83-86A8-1F7921E70960}"
EndProject
Project("{FAE04EC0-301F-11D3-BF4B-00C04F79EFBC}") = "CleanAutosave", "CleanAutosave\CleanAutosave.csproj", "{2521CE47-03A5-40EE-9C73-448175ED56D0}"
EndProject
Project("{FAE04EC0-301F-11D3-BF4B-00C04F79EFBC}") = "43RatioWarning", "43RatioWarning\43RatioWarning.csproj", "{9CEBA210-12CF-4389-8F5B-8FC8A01B9E51}"
EndProject
Project("{FAE04EC0-301F-11D3-BF4B-00C04F79EFBC}") = "SFXChange", "SFXChange\SFXChange.csproj", "{6B82180D-2149-4CBF-8A01-AAA7F2C38045}"
EndProject
Project("{FAE04EC0-301F-11D3-BF4B-00C04F79EFBC}") = "GuideLines", "GuideLines\GuideLines.csproj", "{061EED9F-5F90-427C-BFA2-1C86B0E77364}"
EndProject
Project("{FAE04EC0-301F-11D3-BF4B-00C04F79EFBC}") = "NoteDegreeOffset", "NoteDegreeOffset\NoteDegreeOffset.csproj", "{9B94A26C-D7FA-4653-AD6D-CD46AE60738A}"
EndProject
Project("{FAE04EC0-301F-11D3-BF4B-00C04F79EFBC}") = "DELETEFIXALL", "DELETEFIXALL\DELETEFIXALL.csproj", "{E757D2FE-6706-45CA-A339-B92F5A767CF3}"
EndProject
Project("{FAE04EC0-301F-11D3-BF4B-00C04F79EFBC}") = "AutorunPluginManager", "AutorunPluginManager\AutorunPluginManager.csproj", "{7E002AA4-B99E-47C5-B735-86A9A3B990FA}"
EndProject
Global
	GlobalSection(SharedMSBuildProjectFiles) = preSolution
		PluginProcess\PluginProcess.projitems*{061eed9f-5f90-427c-bfa2-1c86b0e77364}*SharedItemsImports = 4
		PluginProcess\PluginProcess.projitems*{195b17c5-bc83-4af1-93ad-478a9cbe282e}*SharedItemsImports = 4
		PluginProcess\PluginProcess.projitems*{2482c272-6da2-4329-add1-0287f5298a90}*SharedItemsImports = 4
		PluginProcess\PluginProcess.projitems*{3848c037-2037-4a83-86a8-1f7921e70960}*SharedItemsImports = 4
		PluginProcess\PluginProcess.projitems*{586b6ba3-6234-4242-9b69-c9abeb897103}*SharedItemsImports = 4
		PluginProcess\PluginProcess.projitems*{9ceba210-12cf-4389-8f5b-8fc8a01b9e51}*SharedItemsImports = 4
		PluginProcess\PluginProcess.projitems*{bdfe184f-0199-4dec-9484-73a485a32922}*SharedItemsImports = 13
		PluginProcess\PluginProcess.projitems*{d65993fd-9295-44ba-820d-e634a3f0dee4}*SharedItemsImports = 4
	EndGlobalSection
	GlobalSection(SolutionConfigurationPlatforms) = preSolution
		Debug|Any CPU = Debug|Any CPU
		Release|Any CPU = Release|Any CPU
	EndGlobalSection
	GlobalSection(ProjectConfigurationPlatforms) = postSolution
		{D65993FD-9295-44BA-820D-E634A3F0DEE4}.Debug|Any CPU.ActiveCfg = Debug|Any CPU
		{D65993FD-9295-44BA-820D-E634A3F0DEE4}.Debug|Any CPU.Build.0 = Debug|Any CPU
		{D65993FD-9295-44BA-820D-E634A3F0DEE4}.Release|Any CPU.ActiveCfg = Release|Any CPU
		{D65993FD-9295-44BA-820D-E634A3F0DEE4}.Release|Any CPU.Build.0 = Release|Any CPU
		{2482C272-6DA2-4329-ADD1-0287F5298A90}.Debug|Any CPU.ActiveCfg = Debug|Any CPU
		{2482C272-6DA2-4329-ADD1-0287F5298A90}.Debug|Any CPU.Build.0 = Debug|Any CPU
		{2482C272-6DA2-4329-ADD1-0287F5298A90}.Release|Any CPU.ActiveCfg = Release|Any CPU
		{2482C272-6DA2-4329-ADD1-0287F5298A90}.Release|Any CPU.Build.0 = Release|Any CPU
		{BEE77B96-A229-4C04-8228-1FCD3806D312}.Debug|Any CPU.ActiveCfg = Debug|Any CPU
		{BEE77B96-A229-4C04-8228-1FCD3806D312}.Debug|Any CPU.Build.0 = Debug|Any CPU
		{BEE77B96-A229-4C04-8228-1FCD3806D312}.Release|Any CPU.ActiveCfg = Release|Any CPU
		{BEE77B96-A229-4C04-8228-1FCD3806D312}.Release|Any CPU.Build.0 = Release|Any CPU
		{195B17C5-BC83-4AF1-93AD-478A9CBE282E}.Debug|Any CPU.ActiveCfg = Debug|Any CPU
		{195B17C5-BC83-4AF1-93AD-478A9CBE282E}.Debug|Any CPU.Build.0 = Debug|Any CPU
		{195B17C5-BC83-4AF1-93AD-478A9CBE282E}.Release|Any CPU.ActiveCfg = Release|Any CPU
		{195B17C5-BC83-4AF1-93AD-478A9CBE282E}.Release|Any CPU.Build.0 = Release|Any CPU
		{A6C02887-CE3D-4A0C-AF95-90028DD90B0C}.Debug|Any CPU.ActiveCfg = Debug|Any CPU
		{A6C02887-CE3D-4A0C-AF95-90028DD90B0C}.Debug|Any CPU.Build.0 = Debug|Any CPU
		{A6C02887-CE3D-4A0C-AF95-90028DD90B0C}.Release|Any CPU.ActiveCfg = Release|Any CPU
		{A6C02887-CE3D-4A0C-AF95-90028DD90B0C}.Release|Any CPU.Build.0 = Release|Any CPU
		{53258524-CBCF-4D15-9189-8C5D7B0D9265}.Debug|Any CPU.ActiveCfg = Debug|Any CPU
		{53258524-CBCF-4D15-9189-8C5D7B0D9265}.Debug|Any CPU.Build.0 = Debug|Any CPU
		{53258524-CBCF-4D15-9189-8C5D7B0D9265}.Release|Any CPU.ActiveCfg = Release|Any CPU
		{53258524-CBCF-4D15-9189-8C5D7B0D9265}.Release|Any CPU.Build.0 = Release|Any CPU
		{101CDFFF-B839-41BA-83EE-00570B6DE863}.Debug|Any CPU.ActiveCfg = Debug|Any CPU
		{101CDFFF-B839-41BA-83EE-00570B6DE863}.Debug|Any CPU.Build.0 = Debug|Any CPU
		{101CDFFF-B839-41BA-83EE-00570B6DE863}.Release|Any CPU.ActiveCfg = Release|Any CPU
		{101CDFFF-B839-41BA-83EE-00570B6DE863}.Release|Any CPU.Build.0 = Release|Any CPU
		{DD859ACE-0EB4-405B-8933-89A3703D03F0}.Debug|Any CPU.ActiveCfg = Debug|Any CPU
		{DD859ACE-0EB4-405B-8933-89A3703D03F0}.Debug|Any CPU.Build.0 = Debug|Any CPU
		{DD859ACE-0EB4-405B-8933-89A3703D03F0}.Release|Any CPU.ActiveCfg = Release|Any CPU
		{DD859ACE-0EB4-405B-8933-89A3703D03F0}.Release|Any CPU.Build.0 = Release|Any CPU
		{7D50D354-1032-479A-892E-4DF2994A417A}.Debug|Any CPU.ActiveCfg = Debug|Any CPU
		{7D50D354-1032-479A-892E-4DF2994A417A}.Debug|Any CPU.Build.0 = Debug|Any CPU
		{7D50D354-1032-479A-892E-4DF2994A417A}.Release|Any CPU.ActiveCfg = Release|Any CPU
		{7D50D354-1032-479A-892E-4DF2994A417A}.Release|Any CPU.Build.0 = Release|Any CPU
		{1CDB89D6-70A4-4505-A1CB-3B6C133EBB8C}.Debug|Any CPU.ActiveCfg = Debug|Any CPU
		{1CDB89D6-70A4-4505-A1CB-3B6C133EBB8C}.Debug|Any CPU.Build.0 = Debug|Any CPU
		{1CDB89D6-70A4-4505-A1CB-3B6C133EBB8C}.Release|Any CPU.ActiveCfg = Release|Any CPU
		{1CDB89D6-70A4-4505-A1CB-3B6C133EBB8C}.Release|Any CPU.Build.0 = Release|Any CPU
		{6C45F928-589E-4BA6-8FE8-E3945CC13420}.Debug|Any CPU.ActiveCfg = Debug|Any CPU
		{6C45F928-589E-4BA6-8FE8-E3945CC13420}.Debug|Any CPU.Build.0 = Debug|Any CPU
		{6C45F928-589E-4BA6-8FE8-E3945CC13420}.Release|Any CPU.ActiveCfg = Release|Any CPU
		{6C45F928-589E-4BA6-8FE8-E3945CC13420}.Release|Any CPU.Build.0 = Release|Any CPU
		{927B8A23-EF58-49E3-AC4D-68F94D654AE5}.Debug|Any CPU.ActiveCfg = Debug|Any CPU
		{927B8A23-EF58-49E3-AC4D-68F94D654AE5}.Debug|Any CPU.Build.0 = Debug|Any CPU
		{927B8A23-EF58-49E3-AC4D-68F94D654AE5}.Release|Any CPU.ActiveCfg = Release|Any CPU
		{927B8A23-EF58-49E3-AC4D-68F94D654AE5}.Release|Any CPU.Build.0 = Release|Any CPU
		{586B6BA3-6234-4242-9B69-C9ABEB897103}.Debug|Any CPU.ActiveCfg = Debug|Any CPU
		{586B6BA3-6234-4242-9B69-C9ABEB897103}.Debug|Any CPU.Build.0 = Debug|Any CPU
		{586B6BA3-6234-4242-9B69-C9ABEB897103}.Release|Any CPU.ActiveCfg = Release|Any CPU
		{586B6BA3-6234-4242-9B69-C9ABEB897103}.Release|Any CPU.Build.0 = Release|Any CPU
		{3848C037-2037-4A83-86A8-1F7921E70960}.Debug|Any CPU.ActiveCfg = Debug|Any CPU
		{3848C037-2037-4A83-86A8-1F7921E70960}.Debug|Any CPU.Build.0 = Debug|Any CPU
		{3848C037-2037-4A83-86A8-1F7921E70960}.Release|Any CPU.ActiveCfg = Release|Any CPU
		{3848C037-2037-4A83-86A8-1F7921E70960}.Release|Any CPU.Build.0 = Release|Any CPU
		{2521CE47-03A5-40EE-9C73-448175ED56D0}.Debug|Any CPU.ActiveCfg = Debug|Any CPU
		{2521CE47-03A5-40EE-9C73-448175ED56D0}.Debug|Any CPU.Build.0 = Debug|Any CPU
		{2521CE47-03A5-40EE-9C73-448175ED56D0}.Release|Any CPU.ActiveCfg = Release|Any CPU
		{2521CE47-03A5-40EE-9C73-448175ED56D0}.Release|Any CPU.Build.0 = Release|Any CPU
		{9CEBA210-12CF-4389-8F5B-8FC8A01B9E51}.Debug|Any CPU.ActiveCfg = Debug|Any CPU
		{9CEBA210-12CF-4389-8F5B-8FC8A01B9E51}.Debug|Any CPU.Build.0 = Debug|Any CPU
		{9CEBA210-12CF-4389-8F5B-8FC8A01B9E51}.Release|Any CPU.ActiveCfg = Release|Any CPU
		{9CEBA210-12CF-4389-8F5B-8FC8A01B9E51}.Release|Any CPU.Build.0 = Release|Any CPU
		{6B82180D-2149-4CBF-8A01-AAA7F2C38045}.Debug|Any CPU.ActiveCfg = Debug|Any CPU
		{6B82180D-2149-4CBF-8A01-AAA7F2C38045}.Debug|Any CPU.Build.0 = Debug|Any CPU
		{6B82180D-2149-4CBF-8A01-AAA7F2C38045}.Release|Any CPU.ActiveCfg = Release|Any CPU
		{6B82180D-2149-4CBF-8A01-AAA7F2C38045}.Release|Any CPU.Build.0 = Release|Any CPU
		{061EED9F-5F90-427C-BFA2-1C86B0E77364}.Debug|Any CPU.ActiveCfg = Debug|Any CPU
		{061EED9F-5F90-427C-BFA2-1C86B0E77364}.Debug|Any CPU.Build.0 = Debug|Any CPU
		{061EED9F-5F90-427C-BFA2-1C86B0E77364}.Release|Any CPU.ActiveCfg = Release|Any CPU
		{061EED9F-5F90-427C-BFA2-1C86B0E77364}.Release|Any CPU.Build.0 = Release|Any CPU
		{9B94A26C-D7FA-4653-AD6D-CD46AE60738A}.Debug|Any CPU.ActiveCfg = Debug|Any CPU
		{9B94A26C-D7FA-4653-AD6D-CD46AE60738A}.Debug|Any CPU.Build.0 = Debug|Any CPU
		{9B94A26C-D7FA-4653-AD6D-CD46AE60738A}.Release|Any CPU.ActiveCfg = Release|Any CPU
		{9B94A26C-D7FA-4653-AD6D-CD46AE60738A}.Release|Any CPU.Build.0 = Release|Any CPU
		{E757D2FE-6706-45CA-A339-B92F5A767CF3}.Debug|Any CPU.ActiveCfg = Debug|Any CPU
		{E757D2FE-6706-45CA-A339-B92F5A767CF3}.Debug|Any CPU.Build.0 = Debug|Any CPU
		{E757D2FE-6706-45CA-A339-B92F5A767CF3}.Release|Any CPU.ActiveCfg = Release|Any CPU
		{E757D2FE-6706-45CA-A339-B92F5A767CF3}.Release|Any CPU.Build.0 = Release|Any CPU
		{7E002AA4-B99E-47C5-B735-86A9A3B990FA}.Debug|Any CPU.ActiveCfg = Debug|Any CPU
		{7E002AA4-B99E-47C5-B735-86A9A3B990FA}.Debug|Any CPU.Build.0 = Debug|Any CPU
		{7E002AA4-B99E-47C5-B735-86A9A3B990FA}.Release|Any CPU.ActiveCfg = Release|Any CPU
		{7E002AA4-B99E-47C5-B735-86A9A3B990FA}.Release|Any CPU.Build.0 = Release|Any CPU
	EndGlobalSection
	GlobalSection(SolutionProperties) = preSolution
		HideSolutionNode = FALSE
	EndGlobalSection
	GlobalSection(ExtensibilityGlobals) = postSolution
		SolutionGuid = {A693E8E3-61BF-44F1-A6A0-E44511ECBA1B}
	EndGlobalSection
EndGlobal
