
Microsoft Visual Studio Solution File, Format Version 12.00
# Visual Studio 15
VisualStudioVersion = 15.0.27703.2042
MinimumVisualStudioVersion = 10.0.40219.1
Project("{FAE04EC0-301F-11D3-BF4B-00C04F79EFBC}") = "CtrlCV", "CtrlCV\CtrlCV.csproj", "{B8734B86-4C3C-4499-BFA4-98225A2BA604}"
EndProject
Project("{FAE04EC0-301F-11D3-BF4B-00C04F79EFBC}") = "BeatlineMetronome", "BeatlineMetronome\BeatlineMetronome.csproj", "{32175412-678C-4C6A-A4F1-BCBB52A0C2F8}"
EndProject
Project("{FAE04EC0-301F-11D3-BF4B-00C04F79EFBC}") = "FrameRecorder", "FrameRecorder\FrameRecorder.csproj", "{AD62D942-F44A-46FB-B308-FD05CA994A69}"
EndProject
Project("{FAE04EC0-301F-11D3-BF4B-00C04F79EFBC}") = "UiCustomizer", "UICustomizer\UiCustomizer.csproj", "{D65993FD-9295-44BA-820D-E634A3F0DEE4}"
EndProject
Global
	GlobalSection(SolutionConfigurationPlatforms) = preSolution
		Debug|Any CPU = Debug|Any CPU
		Release|Any CPU = Release|Any CPU
	EndGlobalSection
	GlobalSection(ProjectConfigurationPlatforms) = postSolution
		{B8734B86-4C3C-4499-BFA4-98225A2BA604}.Debug|Any CPU.ActiveCfg = Debug|Any CPU
		{B8734B86-4C3C-4499-BFA4-98225A2BA604}.Debug|Any CPU.Build.0 = Debug|Any CPU
		{B8734B86-4C3C-4499-BFA4-98225A2BA604}.Release|Any CPU.ActiveCfg = Release|Any CPU
		{B8734B86-4C3C-4499-BFA4-98225A2BA604}.Release|Any CPU.Build.0 = Release|Any CPU
		{32175412-678C-4C6A-A4F1-BCBB52A0C2F8}.Debug|Any CPU.ActiveCfg = Debug|Any CPU
		{32175412-678C-4C6A-A4F1-BCBB52A0C2F8}.Debug|Any CPU.Build.0 = Debug|Any CPU
		{32175412-678C-4C6A-A4F1-BCBB52A0C2F8}.Release|Any CPU.ActiveCfg = Release|Any CPU
		{32175412-678C-4C6A-A4F1-BCBB52A0C2F8}.Release|Any CPU.Build.0 = Release|Any CPU
		{AD62D942-F44A-46FB-B308-FD05CA994A69}.Debug|Any CPU.ActiveCfg = Debug|Any CPU
		{AD62D942-F44A-46FB-B308-FD05CA994A69}.Debug|Any CPU.Build.0 = Debug|Any CPU
		{AD62D942-F44A-46FB-B308-FD05CA994A69}.Release|Any CPU.ActiveCfg = Release|Any CPU
		{AD62D942-F44A-46FB-B308-FD05CA994A69}.Release|Any CPU.Build.0 = Release|Any CPU
		{D65993FD-9295-44BA-820D-E634A3F0DEE4}.Debug|Any CPU.ActiveCfg = Debug|Any CPU
		{D65993FD-9295-44BA-820D-E634A3F0DEE4}.Debug|Any CPU.Build.0 = Debug|Any CPU
		{D65993FD-9295-44BA-820D-E634A3F0DEE4}.Release|Any CPU.ActiveCfg = Release|Any CPU
		{D65993FD-9295-44BA-820D-E634A3F0DEE4}.Release|Any CPU.Build.0 = Release|Any CPU
	EndGlobalSection
	GlobalSection(SolutionProperties) = preSolution
		HideSolutionNode = FALSE
	EndGlobalSection
	GlobalSection(ExtensibilityGlobals) = postSolution
		SolutionGuid = {A693E8E3-61BF-44F1-A6A0-E44511ECBA1B}
	EndGlobalSection
EndGlobal
