
Microsoft Visual Studio Solution File, Format Version 12.00
# Visual Studio 15
VisualStudioVersion = 15.0.27703.2042
MinimumVisualStudioVersion = 10.0.40219.1
Project("{FAE04EC0-301F-11D3-BF4B-00C04F79EFBC}") = "CtrlCV", "CtrlCV\CtrlCV.csproj", "{B8734B86-4C3C-4499-BFA4-98225A2BA604}"
EndProject
Project("{FAE04EC0-301F-11D3-BF4B-00C04F79EFBC}") = "BeatlineMetronome", "BeatlineMetronome\BeatlineMetronome.csproj", "{32175412-678C-4C6A-A4F1-BCBB52A0C2F8}"
EndProject
Project("{FAE04EC0-301F-11D3-BF4B-00C04F79EFBC}") = "FrameRecorder", "FrameRecorder\FrameRecorder.csproj", "{AD62D942-F44A-46FB-B308-FD05CA994A69}"
EndProject
Project("{FAE04EC0-301F-11D3-BF4B-00C04F79EFBC}") = "UiCustomizer", "UICustomizer\UiCustomizer.csproj", "{D65993FD-9295-44BA-820D-E634A3F0DEE4}"
EndProject
Project("{FAE04EC0-301F-11D3-BF4B-00C04F79EFBC}") = "VideoBGA", "VideoBGA\VideoBGA.csproj", "{0BA88BBF-BF3D-494D-B3B9-C4FF99F16C53}"
EndProject
Project("{FAE04EC0-301F-11D3-BF4B-00C04F79EFBC}") = "ShortcutBridge", "MenuAPI\ShortcutBridge.csproj", "{AD07BC0C-61D1-4BF8-8066-847806761E3B}"
EndProject
Project("{FAE04EC0-301F-11D3-BF4B-00C04F79EFBC}") = "QuickEventHandler", "QuickEventHandler\QuickEventHandler.csproj", "{B022C107-D06E-45AB-B665-D462221D6EF1}"
EndProject
Project("{FAE04EC0-301F-11D3-BF4B-00C04F79EFBC}") = "QuickEventHandler-Example", "QuickEventHandler-Example\QuickEventHandler-Example.csproj", "{DFD7A96C-761E-45FE-B2CF-1D7CBC25D465}"
EndProject
Project("{FAE04EC0-301F-11D3-BF4B-00C04F79EFBC}") = "QuickFileHandler", "QuickFileHandler\QuickFileHandler.csproj", "{BEE77B96-A229-4C04-8228-1FCD3806D312}"
EndProject
Project("{FAE04EC0-301F-11D3-BF4B-00C04F79EFBC}") = "ShortcutTweak", "ShortcutTweak\ShortcutTweak.csproj", "{2482C272-6DA2-4329-ADD1-0287F5298A90}"
EndProject
Global
	GlobalSection(SolutionConfigurationPlatforms) = preSolution
		Debug|Any CPU = Debug|Any CPU
		Release|Any CPU = Release|Any CPU
	EndGlobalSection
	GlobalSection(ProjectConfigurationPlatforms) = postSolution
		{B8734B86-4C3C-4499-BFA4-98225A2BA604}.Debug|Any CPU.ActiveCfg = Debug|Any CPU
		{B8734B86-4C3C-4499-BFA4-98225A2BA604}.Debug|Any CPU.Build.0 = Debug|Any CPU
		{B8734B86-4C3C-4499-BFA4-98225A2BA604}.Release|Any CPU.ActiveCfg = Release|Any CPU
		{B8734B86-4C3C-4499-BFA4-98225A2BA604}.Release|Any CPU.Build.0 = Release|Any CPU
		{32175412-678C-4C6A-A4F1-BCBB52A0C2F8}.Debug|Any CPU.ActiveCfg = Debug|Any CPU
		{32175412-678C-4C6A-A4F1-BCBB52A0C2F8}.Debug|Any CPU.Build.0 = Debug|Any CPU
		{32175412-678C-4C6A-A4F1-BCBB52A0C2F8}.Release|Any CPU.ActiveCfg = Release|Any CPU
		{32175412-678C-4C6A-A4F1-BCBB52A0C2F8}.Release|Any CPU.Build.0 = Release|Any CPU
		{AD62D942-F44A-46FB-B308-FD05CA994A69}.Debug|Any CPU.ActiveCfg = Debug|Any CPU
		{AD62D942-F44A-46FB-B308-FD05CA994A69}.Debug|Any CPU.Build.0 = Debug|Any CPU
		{AD62D942-F44A-46FB-B308-FD05CA994A69}.Release|Any CPU.ActiveCfg = Release|Any CPU
		{AD62D942-F44A-46FB-B308-FD05CA994A69}.Release|Any CPU.Build.0 = Release|Any CPU
		{D65993FD-9295-44BA-820D-E634A3F0DEE4}.Debug|Any CPU.ActiveCfg = Debug|Any CPU
		{D65993FD-9295-44BA-820D-E634A3F0DEE4}.Debug|Any CPU.Build.0 = Debug|Any CPU
		{D65993FD-9295-44BA-820D-E634A3F0DEE4}.Release|Any CPU.ActiveCfg = Release|Any CPU
		{D65993FD-9295-44BA-820D-E634A3F0DEE4}.Release|Any CPU.Build.0 = Release|Any CPU
		{0BA88BBF-BF3D-494D-B3B9-C4FF99F16C53}.Debug|Any CPU.ActiveCfg = Debug|Any CPU
		{0BA88BBF-BF3D-494D-B3B9-C4FF99F16C53}.Debug|Any CPU.Build.0 = Debug|Any CPU
		{0BA88BBF-BF3D-494D-B3B9-C4FF99F16C53}.Release|Any CPU.ActiveCfg = Release|Any CPU
		{0BA88BBF-BF3D-494D-B3B9-C4FF99F16C53}.Release|Any CPU.Build.0 = Release|Any CPU
		{AD07BC0C-61D1-4BF8-8066-847806761E3B}.Debug|Any CPU.ActiveCfg = Debug|Any CPU
		{AD07BC0C-61D1-4BF8-8066-847806761E3B}.Debug|Any CPU.Build.0 = Debug|Any CPU
		{AD07BC0C-61D1-4BF8-8066-847806761E3B}.Release|Any CPU.ActiveCfg = Release|Any CPU
		{AD07BC0C-61D1-4BF8-8066-847806761E3B}.Release|Any CPU.Build.0 = Release|Any CPU
		{B022C107-D06E-45AB-B665-D462221D6EF1}.Debug|Any CPU.ActiveCfg = Debug|Any CPU
		{B022C107-D06E-45AB-B665-D462221D6EF1}.Debug|Any CPU.Build.0 = Debug|Any CPU
		{B022C107-D06E-45AB-B665-D462221D6EF1}.Release|Any CPU.ActiveCfg = Release|Any CPU
		{B022C107-D06E-45AB-B665-D462221D6EF1}.Release|Any CPU.Build.0 = Release|Any CPU
		{DFD7A96C-761E-45FE-B2CF-1D7CBC25D465}.Debug|Any CPU.ActiveCfg = Debug|Any CPU
		{DFD7A96C-761E-45FE-B2CF-1D7CBC25D465}.Debug|Any CPU.Build.0 = Debug|Any CPU
		{DFD7A96C-761E-45FE-B2CF-1D7CBC25D465}.Release|Any CPU.ActiveCfg = Release|Any CPU
		{DFD7A96C-761E-45FE-B2CF-1D7CBC25D465}.Release|Any CPU.Build.0 = Release|Any CPU
		{BEE77B96-A229-4C04-8228-1FCD3806D312}.Debug|Any CPU.ActiveCfg = Debug|Any CPU
		{BEE77B96-A229-4C04-8228-1FCD3806D312}.Debug|Any CPU.Build.0 = Debug|Any CPU
		{BEE77B96-A229-4C04-8228-1FCD3806D312}.Release|Any CPU.ActiveCfg = Release|Any CPU
		{BEE77B96-A229-4C04-8228-1FCD3806D312}.Release|Any CPU.Build.0 = Release|Any CPU
		{2482C272-6DA2-4329-ADD1-0287F5298A90}.Debug|Any CPU.ActiveCfg = Debug|Any CPU
		{2482C272-6DA2-4329-ADD1-0287F5298A90}.Debug|Any CPU.Build.0 = Debug|Any CPU
		{2482C272-6DA2-4329-ADD1-0287F5298A90}.Release|Any CPU.ActiveCfg = Release|Any CPU
		{2482C272-6DA2-4329-ADD1-0287F5298A90}.Release|Any CPU.Build.0 = Release|Any CPU
	EndGlobalSection
	GlobalSection(SolutionProperties) = preSolution
		HideSolutionNode = FALSE
	EndGlobalSection
	GlobalSection(ExtensibilityGlobals) = postSolution
		SolutionGuid = {A693E8E3-61BF-44F1-A6A0-E44511ECBA1B}
	EndGlobalSection
EndGlobal
